
Microsoft Visual Studio Solution File, Format Version 12.00
# Visual Studio Version 16
VisualStudioVersion = 16.0.31019.35
MinimumVisualStudioVersion = 10.0.40219.1
Project("{9A19103F-16F7-4668-BE54-9A1E7A4F7556}") = "Dictionaries", "Dictionaries\Dictionaries.csproj", "{E9ADE5C0-52B2-4CCB-B912-841D0CDB3191}"
EndProject
Project("{9A19103F-16F7-4668-BE54-9A1E7A4F7556}") = "Magazin-Dict", "Magazin-Dict\Magazin-Dict.csproj", "{AAD1BE9E-3A7D-4C9D-AE09-DA9653F706E9}"
EndProject
Project("{9A19103F-16F7-4668-BE54-9A1E7A4F7556}") = "Zadacha3-21-02", "Zadacha3-21-02\Zadacha3-21-02.csproj", "{6453FEE3-6196-47CF-844D-9D335B56EB6F}"
EndProject
Project("{9A19103F-16F7-4668-BE54-9A1E7A4F7556}") = "Upr1-22-02-2022", "Upr1-22-02-2022\Upr1-22-02-2022.csproj", "{F1FF9194-1D79-4662-8C1F-7D803FCE9F53}"
EndProject
Project("{9A19103F-16F7-4668-BE54-9A1E7A4F7556}") = "Upr2-22-02-2022", "Upr2-22-02-2022\Upr2-22-02-2022.csproj", "{2C554886-EF01-4959-B988-45AB394DFF7E}"
EndProject
Project("{9A19103F-16F7-4668-BE54-9A1E7A4F7556}") = "Upr3-22-02-2022", "Upr3-22-02-2022\Upr3-22-02-2022.csproj", "{7A084F46-4697-4747-A5A9-0394DDC7587C}"
EndProject
Project("{FAE04EC0-301F-11D3-BF4B-00C04F79EFBC}") = "Supermarket-28-02-2022", "Supermarket-28-02-2022\Supermarket-28-02-2022.csproj", "{2CB00088-0EF4-4597-9067-E480810561F5}"
EndProject
Project("{FAE04EC0-301F-11D3-BF4B-00C04F79EFBC}") = "Email-28-02-2022", "Email-28-02-2022\Email-28-02-2022.csproj", "{7EAE23A5-89B1-4678-BB02-2DEBE7365E5D}"
EndProject
Global
	GlobalSection(SolutionConfigurationPlatforms) = preSolution
		Debug|Any CPU = Debug|Any CPU
		Release|Any CPU = Release|Any CPU
	EndGlobalSection
	GlobalSection(ProjectConfigurationPlatforms) = postSolution
		{E9ADE5C0-52B2-4CCB-B912-841D0CDB3191}.Debug|Any CPU.ActiveCfg = Debug|Any CPU
		{E9ADE5C0-52B2-4CCB-B912-841D0CDB3191}.Debug|Any CPU.Build.0 = Debug|Any CPU
		{E9ADE5C0-52B2-4CCB-B912-841D0CDB3191}.Release|Any CPU.ActiveCfg = Release|Any CPU
		{E9ADE5C0-52B2-4CCB-B912-841D0CDB3191}.Release|Any CPU.Build.0 = Release|Any CPU
		{AAD1BE9E-3A7D-4C9D-AE09-DA9653F706E9}.Debug|Any CPU.ActiveCfg = Debug|Any CPU
		{AAD1BE9E-3A7D-4C9D-AE09-DA9653F706E9}.Debug|Any CPU.Build.0 = Debug|Any CPU
		{AAD1BE9E-3A7D-4C9D-AE09-DA9653F706E9}.Release|Any CPU.ActiveCfg = Release|Any CPU
		{AAD1BE9E-3A7D-4C9D-AE09-DA9653F706E9}.Release|Any CPU.Build.0 = Release|Any CPU
		{6453FEE3-6196-47CF-844D-9D335B56EB6F}.Debug|Any CPU.ActiveCfg = Debug|Any CPU
		{6453FEE3-6196-47CF-844D-9D335B56EB6F}.Debug|Any CPU.Build.0 = Debug|Any CPU
		{6453FEE3-6196-47CF-844D-9D335B56EB6F}.Release|Any CPU.ActiveCfg = Release|Any CPU
		{6453FEE3-6196-47CF-844D-9D335B56EB6F}.Release|Any CPU.Build.0 = Release|Any CPU
		{F1FF9194-1D79-4662-8C1F-7D803FCE9F53}.Debug|Any CPU.ActiveCfg = Debug|Any CPU
		{F1FF9194-1D79-4662-8C1F-7D803FCE9F53}.Debug|Any CPU.Build.0 = Debug|Any CPU
		{F1FF9194-1D79-4662-8C1F-7D803FCE9F53}.Release|Any CPU.ActiveCfg = Release|Any CPU
		{F1FF9194-1D79-4662-8C1F-7D803FCE9F53}.Release|Any CPU.Build.0 = Release|Any CPU
		{2C554886-EF01-4959-B988-45AB394DFF7E}.Debug|Any CPU.ActiveCfg = Debug|Any CPU
		{2C554886-EF01-4959-B988-45AB394DFF7E}.Debug|Any CPU.Build.0 = Debug|Any CPU
		{2C554886-EF01-4959-B988-45AB394DFF7E}.Release|Any CPU.ActiveCfg = Release|Any CPU
		{2C554886-EF01-4959-B988-45AB394DFF7E}.Release|Any CPU.Build.0 = Release|Any CPU
		{7A084F46-4697-4747-A5A9-0394DDC7587C}.Debug|Any CPU.ActiveCfg = Debug|Any CPU
		{7A084F46-4697-4747-A5A9-0394DDC7587C}.Debug|Any CPU.Build.0 = Debug|Any CPU
		{7A084F46-4697-4747-A5A9-0394DDC7587C}.Release|Any CPU.ActiveCfg = Release|Any CPU
		{7A084F46-4697-4747-A5A9-0394DDC7587C}.Release|Any CPU.Build.0 = Release|Any CPU
		{2CB00088-0EF4-4597-9067-E480810561F5}.Debug|Any CPU.ActiveCfg = Debug|Any CPU
		{2CB00088-0EF4-4597-9067-E480810561F5}.Debug|Any CPU.Build.0 = Debug|Any CPU
		{2CB00088-0EF4-4597-9067-E480810561F5}.Release|Any CPU.ActiveCfg = Release|Any CPU
		{2CB00088-0EF4-4597-9067-E480810561F5}.Release|Any CPU.Build.0 = Release|Any CPU
		{7EAE23A5-89B1-4678-BB02-2DEBE7365E5D}.Debug|Any CPU.ActiveCfg = Debug|Any CPU
		{7EAE23A5-89B1-4678-BB02-2DEBE7365E5D}.Debug|Any CPU.Build.0 = Debug|Any CPU
		{7EAE23A5-89B1-4678-BB02-2DEBE7365E5D}.Release|Any CPU.ActiveCfg = Release|Any CPU
		{7EAE23A5-89B1-4678-BB02-2DEBE7365E5D}.Release|Any CPU.Build.0 = Release|Any CPU
	EndGlobalSection
	GlobalSection(SolutionProperties) = preSolution
		HideSolutionNode = FALSE
	EndGlobalSection
	GlobalSection(ExtensibilityGlobals) = postSolution
		SolutionGuid = {DEE9845F-6595-4BD4-B697-C50BB9BC6989}
	EndGlobalSection
EndGlobal
