
Microsoft Visual Studio Solution File, Format Version 12.00
# Visual Studio Version 16
VisualStudioVersion = 16.0.31019.35
MinimumVisualStudioVersion = 10.0.40219.1
Project("{FAE04EC0-301F-11D3-BF4B-00C04F79EFBC}") = "CarManager", "CarManager\CarManager.csproj", "{572A1770-9775-4B07-B0B6-D58ED1BDFE18}"
EndProject
Project("{FAE04EC0-301F-11D3-BF4B-00C04F79EFBC}") = "CarTests", "CarTests\CarTests.csproj", "{AEB0951F-7CC2-4311-B519-251702696F27}"
EndProject
Global
	GlobalSection(SolutionConfigurationPlatforms) = preSolution
		Debug|Any CPU = Debug|Any CPU
		Release|Any CPU = Release|Any CPU
	EndGlobalSection
	GlobalSection(ProjectConfigurationPlatforms) = postSolution
		{572A1770-9775-4B07-B0B6-D58ED1BDFE18}.Debug|Any CPU.ActiveCfg = Debug|Any CPU
		{572A1770-9775-4B07-B0B6-D58ED1BDFE18}.Debug|Any CPU.Build.0 = Debug|Any CPU
		{572A1770-9775-4B07-B0B6-D58ED1BDFE18}.Release|Any CPU.ActiveCfg = Release|Any CPU
		{572A1770-9775-4B07-B0B6-D58ED1BDFE18}.Release|Any CPU.Build.0 = Release|Any CPU
		{AEB0951F-7CC2-4311-B519-251702696F27}.Debug|Any CPU.ActiveCfg = Debug|Any CPU
		{AEB0951F-7CC2-4311-B519-251702696F27}.Debug|Any CPU.Build.0 = Debug|Any CPU
		{AEB0951F-7CC2-4311-B519-251702696F27}.Release|Any CPU.ActiveCfg = Release|Any CPU
		{AEB0951F-7CC2-4311-B519-251702696F27}.Release|Any CPU.Build.0 = Release|Any CPU
	EndGlobalSection
	GlobalSection(SolutionProperties) = preSolution
		HideSolutionNode = FALSE
	EndGlobalSection
	GlobalSection(ExtensibilityGlobals) = postSolution
		SolutionGuid = {85AC7A9A-E7CD-46F5-8C41-8C32FEEF9C34}
	EndGlobalSection
EndGlobal
