
Microsoft Visual Studio Solution File, Format Version 12.00
# Visual Studio Version 16
VisualStudioVersion = 16.0.31019.35
MinimumVisualStudioVersion = 10.0.40219.1
Project("{FAE04EC0-301F-11D3-BF4B-00C04F79EFBC}") = "DbProductsORM", "DbProductsORM\DbProductsORM.csproj", "{21BBC114-D29B-4047-ACB2-BCCD884EEBED}"
EndProject
Global
	GlobalSection(SolutionConfigurationPlatforms) = preSolution
		Debug|Any CPU = Debug|Any CPU
		Release|Any CPU = Release|Any CPU
	EndGlobalSection
	GlobalSection(ProjectConfigurationPlatforms) = postSolution
		{21BBC114-D29B-4047-ACB2-BCCD884EEBED}.Debug|Any CPU.ActiveCfg = Debug|Any CPU
		{21BBC114-D29B-4047-ACB2-BCCD884EEBED}.Debug|Any CPU.Build.0 = Debug|Any CPU
		{21BBC114-D29B-4047-ACB2-BCCD884EEBED}.Release|Any CPU.ActiveCfg = Release|Any CPU
		{21BBC114-D29B-4047-ACB2-BCCD884EEBED}.Release|Any CPU.Build.0 = Release|Any CPU
	EndGlobalSection
	GlobalSection(SolutionProperties) = preSolution
		HideSolutionNode = FALSE
	EndGlobalSection
	GlobalSection(ExtensibilityGlobals) = postSolution
		SolutionGuid = {15581CFD-EBEA-484A-AA02-B06D6D52F6BC}
	EndGlobalSection
EndGlobal
