
Microsoft Visual Studio Solution File, Format Version 12.00
# Visual Studio Version 16
VisualStudioVersion = 16.0.31019.35
MinimumVisualStudioVersion = 10.0.40219.1
Project("{FAE04EC0-301F-11D3-BF4B-00C04F79EFBC}") = "Izpitvane", "Izpitvane\Izpitvane.csproj", "{348CFC03-B725-4031-B57F-EF18BCF29B1E}"
EndProject
Global
	GlobalSection(SolutionConfigurationPlatforms) = preSolution
		Debug|Any CPU = Debug|Any CPU
		Release|Any CPU = Release|Any CPU
	EndGlobalSection
	GlobalSection(ProjectConfigurationPlatforms) = postSolution
		{348CFC03-B725-4031-B57F-EF18BCF29B1E}.Debug|Any CPU.ActiveCfg = Debug|Any CPU
		{348CFC03-B725-4031-B57F-EF18BCF29B1E}.Debug|Any CPU.Build.0 = Debug|Any CPU
		{348CFC03-B725-4031-B57F-EF18BCF29B1E}.Release|Any CPU.ActiveCfg = Release|Any CPU
		{348CFC03-B725-4031-B57F-EF18BCF29B1E}.Release|Any CPU.Build.0 = Release|Any CPU
	EndGlobalSection
	GlobalSection(SolutionProperties) = preSolution
		HideSolutionNode = FALSE
	EndGlobalSection
	GlobalSection(ExtensibilityGlobals) = postSolution
		SolutionGuid = {76237A94-F565-4D10-8C77-5BA863644DC3}
	EndGlobalSection
EndGlobal
