
Microsoft Visual Studio Solution File, Format Version 12.00
# Visual Studio Version 16
VisualStudioVersion = 16.0.31019.35
MinimumVisualStudioVersion = 10.0.40219.1
Project("{FAE04EC0-301F-11D3-BF4B-00C04F79EFBC}") = "Upr1", "Upr1\Upr1.csproj", "{D341854A-D177-4A73-96B6-B986BB6E21A9}"
EndProject
Project("{FAE04EC0-301F-11D3-BF4B-00C04F79EFBC}") = "Upr2", "Upr2\Upr2.csproj", "{0DD5CB80-2BFE-440D-9B91-5CB8BA51AC46}"
EndProject
Project("{FAE04EC0-301F-11D3-BF4B-00C04F79EFBC}") = "Upr3", "Upr3\Upr3.csproj", "{26321D08-B725-49BD-9814-04B407A91579}"
EndProject
Global
	GlobalSection(SolutionConfigurationPlatforms) = preSolution
		Debug|Any CPU = Debug|Any CPU
		Release|Any CPU = Release|Any CPU
	EndGlobalSection
	GlobalSection(ProjectConfigurationPlatforms) = postSolution
		{D341854A-D177-4A73-96B6-B986BB6E21A9}.Debug|Any CPU.ActiveCfg = Debug|Any CPU
		{D341854A-D177-4A73-96B6-B986BB6E21A9}.Debug|Any CPU.Build.0 = Debug|Any CPU
		{D341854A-D177-4A73-96B6-B986BB6E21A9}.Release|Any CPU.ActiveCfg = Release|Any CPU
		{D341854A-D177-4A73-96B6-B986BB6E21A9}.Release|Any CPU.Build.0 = Release|Any CPU
		{0DD5CB80-2BFE-440D-9B91-5CB8BA51AC46}.Debug|Any CPU.ActiveCfg = Debug|Any CPU
		{0DD5CB80-2BFE-440D-9B91-5CB8BA51AC46}.Debug|Any CPU.Build.0 = Debug|Any CPU
		{0DD5CB80-2BFE-440D-9B91-5CB8BA51AC46}.Release|Any CPU.ActiveCfg = Release|Any CPU
		{0DD5CB80-2BFE-440D-9B91-5CB8BA51AC46}.Release|Any CPU.Build.0 = Release|Any CPU
		{26321D08-B725-49BD-9814-04B407A91579}.Debug|Any CPU.ActiveCfg = Debug|Any CPU
		{26321D08-B725-49BD-9814-04B407A91579}.Debug|Any CPU.Build.0 = Debug|Any CPU
		{26321D08-B725-49BD-9814-04B407A91579}.Release|Any CPU.ActiveCfg = Release|Any CPU
		{26321D08-B725-49BD-9814-04B407A91579}.Release|Any CPU.Build.0 = Release|Any CPU
	EndGlobalSection
	GlobalSection(SolutionProperties) = preSolution
		HideSolutionNode = FALSE
	EndGlobalSection
	GlobalSection(ExtensibilityGlobals) = postSolution
		SolutionGuid = {682B468C-7D2C-4672-A32D-93B2576CDCFB}
	EndGlobalSection
EndGlobal
